
Microsoft Visual Studio Solution File, Format Version 12.00
# Visual Studio Version 16
VisualStudioVersion = 16.0.29009.5
MinimumVisualStudioVersion = 10.0.40219.1
Project("{FAE04EC0-301F-11D3-BF4B-00C04F79EFBC}") = "01_Cafe_Console", "01_Cafe_Console\01_Cafe_Console.csproj", "{24F87F0D-CE7B-4848-8AF5-D1781F740096}"
EndProject
Project("{FAE04EC0-301F-11D3-BF4B-00C04F79EFBC}") = "01_Cafe_Menu", "01_Cafe_Menu\01_Cafe_Menu.csproj", "{D1CCE573-42D6-4987-8844-91F9E68F71EB}"
EndProject
Project("{FAE04EC0-301F-11D3-BF4B-00C04F79EFBC}") = "01_Cafe_Tests", "01_Cafe_Tests\01_Cafe_Tests.csproj", "{CEA5AE53-133B-4221-913B-F09A94F2AE73}"
EndProject
Project("{FAE04EC0-301F-11D3-BF4B-00C04F79EFBC}") = "02_Claim_Console", "02_Claim_Console\02_Claim_Console.csproj", "{D50605C9-A4A7-49ED-B998-77644F6ECFD1}"
EndProject
Project("{FAE04EC0-301F-11D3-BF4B-00C04F79EFBC}") = "02_Claim", "02_Claim\02_Claim.csproj", "{BD85779A-3BF3-4FDE-823D-A1D090574039}"
EndProject
Project("{FAE04EC0-301F-11D3-BF4B-00C04F79EFBC}") = "02_Claim_Tests", "02_Claim_Tests\02_Claim_Tests.csproj", "{ADFFDA22-7FD9-4165-91D6-D139E97C50C8}"
EndProject
Project("{FAE04EC0-301F-11D3-BF4B-00C04F79EFBC}") = "07_BBQ_Console", "07_BBQ_Console\07_BBQ_Console.csproj", "{8808B309-9432-4254-B5B8-5C650E65ACE2}"
EndProject
Project("{FAE04EC0-301F-11D3-BF4B-00C04F79EFBC}") = "07_BBQ", "07_BBQ\07_BBQ.csproj", "{5E97C3BC-1005-4CEE-AE1E-C54F1374B63F}"
EndProject
Project("{FAE04EC0-301F-11D3-BF4B-00C04F79EFBC}") = "07_BBQ_Tests", "07_BBQ_Tests\07_BBQ_Tests.csproj", "{2AEFDF84-7F3B-4ED6-8461-FE2C01E88915}"
EndProject
Global
	GlobalSection(SolutionConfigurationPlatforms) = preSolution
		Debug|Any CPU = Debug|Any CPU
		Release|Any CPU = Release|Any CPU
	EndGlobalSection
	GlobalSection(ProjectConfigurationPlatforms) = postSolution
		{24F87F0D-CE7B-4848-8AF5-D1781F740096}.Debug|Any CPU.ActiveCfg = Debug|Any CPU
		{24F87F0D-CE7B-4848-8AF5-D1781F740096}.Debug|Any CPU.Build.0 = Debug|Any CPU
		{24F87F0D-CE7B-4848-8AF5-D1781F740096}.Release|Any CPU.ActiveCfg = Release|Any CPU
		{24F87F0D-CE7B-4848-8AF5-D1781F740096}.Release|Any CPU.Build.0 = Release|Any CPU
		{D1CCE573-42D6-4987-8844-91F9E68F71EB}.Debug|Any CPU.ActiveCfg = Debug|Any CPU
		{D1CCE573-42D6-4987-8844-91F9E68F71EB}.Debug|Any CPU.Build.0 = Debug|Any CPU
		{D1CCE573-42D6-4987-8844-91F9E68F71EB}.Release|Any CPU.ActiveCfg = Release|Any CPU
		{D1CCE573-42D6-4987-8844-91F9E68F71EB}.Release|Any CPU.Build.0 = Release|Any CPU
		{CEA5AE53-133B-4221-913B-F09A94F2AE73}.Debug|Any CPU.ActiveCfg = Debug|Any CPU
		{CEA5AE53-133B-4221-913B-F09A94F2AE73}.Debug|Any CPU.Build.0 = Debug|Any CPU
		{CEA5AE53-133B-4221-913B-F09A94F2AE73}.Release|Any CPU.ActiveCfg = Release|Any CPU
		{CEA5AE53-133B-4221-913B-F09A94F2AE73}.Release|Any CPU.Build.0 = Release|Any CPU
		{D50605C9-A4A7-49ED-B998-77644F6ECFD1}.Debug|Any CPU.ActiveCfg = Debug|Any CPU
		{D50605C9-A4A7-49ED-B998-77644F6ECFD1}.Debug|Any CPU.Build.0 = Debug|Any CPU
		{D50605C9-A4A7-49ED-B998-77644F6ECFD1}.Release|Any CPU.ActiveCfg = Release|Any CPU
		{D50605C9-A4A7-49ED-B998-77644F6ECFD1}.Release|Any CPU.Build.0 = Release|Any CPU
		{BD85779A-3BF3-4FDE-823D-A1D090574039}.Debug|Any CPU.ActiveCfg = Debug|Any CPU
		{BD85779A-3BF3-4FDE-823D-A1D090574039}.Debug|Any CPU.Build.0 = Debug|Any CPU
		{BD85779A-3BF3-4FDE-823D-A1D090574039}.Release|Any CPU.ActiveCfg = Release|Any CPU
		{BD85779A-3BF3-4FDE-823D-A1D090574039}.Release|Any CPU.Build.0 = Release|Any CPU
		{ADFFDA22-7FD9-4165-91D6-D139E97C50C8}.Debug|Any CPU.ActiveCfg = Debug|Any CPU
		{ADFFDA22-7FD9-4165-91D6-D139E97C50C8}.Debug|Any CPU.Build.0 = Debug|Any CPU
		{ADFFDA22-7FD9-4165-91D6-D139E97C50C8}.Release|Any CPU.ActiveCfg = Release|Any CPU
		{ADFFDA22-7FD9-4165-91D6-D139E97C50C8}.Release|Any CPU.Build.0 = Release|Any CPU
		{8808B309-9432-4254-B5B8-5C650E65ACE2}.Debug|Any CPU.ActiveCfg = Debug|Any CPU
		{8808B309-9432-4254-B5B8-5C650E65ACE2}.Debug|Any CPU.Build.0 = Debug|Any CPU
		{8808B309-9432-4254-B5B8-5C650E65ACE2}.Release|Any CPU.ActiveCfg = Release|Any CPU
		{8808B309-9432-4254-B5B8-5C650E65ACE2}.Release|Any CPU.Build.0 = Release|Any CPU
		{5E97C3BC-1005-4CEE-AE1E-C54F1374B63F}.Debug|Any CPU.ActiveCfg = Debug|Any CPU
		{5E97C3BC-1005-4CEE-AE1E-C54F1374B63F}.Debug|Any CPU.Build.0 = Debug|Any CPU
		{5E97C3BC-1005-4CEE-AE1E-C54F1374B63F}.Release|Any CPU.ActiveCfg = Release|Any CPU
		{5E97C3BC-1005-4CEE-AE1E-C54F1374B63F}.Release|Any CPU.Build.0 = Release|Any CPU
		{2AEFDF84-7F3B-4ED6-8461-FE2C01E88915}.Debug|Any CPU.ActiveCfg = Debug|Any CPU
		{2AEFDF84-7F3B-4ED6-8461-FE2C01E88915}.Debug|Any CPU.Build.0 = Debug|Any CPU
		{2AEFDF84-7F3B-4ED6-8461-FE2C01E88915}.Release|Any CPU.ActiveCfg = Release|Any CPU
		{2AEFDF84-7F3B-4ED6-8461-FE2C01E88915}.Release|Any CPU.Build.0 = Release|Any CPU
	EndGlobalSection
	GlobalSection(SolutionProperties) = preSolution
		HideSolutionNode = FALSE
	EndGlobalSection
	GlobalSection(ExtensibilityGlobals) = postSolution
		SolutionGuid = {31629261-694B-4475-8D88-6464AB492667}
	EndGlobalSection
EndGlobal
